<?xml version="1.0" encoding="utf-8"?>
<Project ToolsVersion="4.0" xmlns="http://schemas.microsoft.com/developer/msbuild/2003">
  <ItemGroup>
    <Filter Include="Source Files">
      <UniqueIdentifier>{4FC737F1-C7A5-4376-A066-2A32D752A2FF}</UniqueIdentifier>
      <Extensions>cpp;c;cc;cxx;def;odl;idl;hpj;bat;asm;asmx</Extensions>
    </Filter>
    <Filter Include="Header Files">
      <UniqueIdentifier>{93995380-89BD-4b04-88EB-625FBE52EBFB}</UniqueIdentifier>
      <Extensions>h;hh;hpp;hxx;hm;inl;inc;ipp;xsd</Extensions>
    </Filter>
    <Filter Include="Resource Files">
      <UniqueIdentifier>{67DA6AB6-F800-4c08-8B7A-83BB121AAD01}</UniqueIdentifier>
      <Extensions>rc;ico;cur;bmp;dlg;rc2;rct;bin;rgs;gif;jpg;jpeg;jpe;resx;tiff;tif;png;wav;mfcribbon-ms</Extensions>
    </Filter>
  </ItemGroup>
  <ItemGroup>
    <ClInclude Include="pch.h">
      <Filter>Header Files</Filter>
    </ClInclude>
    <ClInclude Include="MEngine.h">
      <Filter>Header Files</Filter>
    </ClInclude>
    <ClInclude Include="DOptions.h">
      <Filter>Header Files</Filter>
    </ClInclude>
    <ClInclude Include="MParser.h">
      <Filter>Header Files</Filter>
    </ClInclude>
    <ClInclude Include="CLight.h">
      <Filter>Header Files</Filter>
    </ClInclude>
    <ClInclude Include="CPrimitive.h">
      <Filter>Header Files</Filter>
    </ClInclude>
    <ClInclude Include="SLighting.h">
      <Filter>Header Files</Filter>
    </ClInclude>
    <ClInclude Include="CRay.h">
      <Filter>Header Files</Filter>
    </ClInclude>
    <ClInclude Include="SCollision.h">
      <Filter>Header Files</Filter>
    </ClInclude>
    <ClInclude Include="CSufraceInteraction.h">
      <Filter>Header Files</Filter>
    </ClInclude>
    <ClInclude Include="CScene.h">
      <Filter>Header Files</Filter>
    </ClInclude>
    <ClInclude Include="CCamera.h">
      <Filter>Header Files</Filter>
    </ClInclude>
    <ClInclude Include="CSampler.h">
      <Filter>Header Files</Filter>
    </ClInclude>
    <ClInclude Include="SIntegratorSampler.h">
      <Filter>Header Files</Filter>
    </ClInclude>
    <ClInclude Include="SIntergratorWhitted.h">
      <Filter>Header Files</Filter>
    </ClInclude>
    <ClInclude Include="DRayDifferential.h">
      <Filter>Header Files</Filter>
    </ClInclude>
    <ClInclude Include="CSpectrumSampled.h">
      <Filter>Header Files</Filter>
    </ClInclude>
    <ClInclude Include="WPBRSettings.h">
      <Filter>Header Files</Filter>
    </ClInclude>
    <ClInclude Include="CMedium.h">
      <Filter>Header Files</Filter>
    </ClInclude>
    <ClInclude Include="CTransform.h">
      <Filter>Header Files</Filter>
    </ClInclude>
    <ClInclude Include="CBounds.h">
      <Filter>Header Files</Filter>
    </ClInclude>
    <ClInclude Include="SShapeSphere.h">
      <Filter>Header Files</Filter>
    </ClInclude>
    <ClInclude Include="CPhaseFunction.h">
      <Filter>Header Files</Filter>
    </ClInclude>
    <ClInclude Include="CSSphere.h">
      <Filter>Header Files</Filter>
    </ClInclude>
    <ClInclude Include="CShape.h">
      <Filter>Header Files</Filter>
    </ClInclude>
    <ClInclude Include="SShape.h">
      <Filter>Header Files</Filter>
    </ClInclude>
    <ClInclude Include="CMaterial.h">
      <Filter>Header Files</Filter>
    </ClInclude>
    <ClInclude Include="CSCylinder.h">
      <Filter>Header Files</Filter>
    </ClInclude>
  </ItemGroup>
  <ItemGroup>
    <ClCompile Include="pch.cpp">
      <Filter>Source Files</Filter>
    </ClCompile>
    <ClCompile Include="main.cpp">
      <Filter>Source Files</Filter>
    </ClCompile>
    <ClCompile Include="DOptions.cpp">
      <Filter>Source Files</Filter>
    </ClCompile>
    <ClCompile Include="MEngine.cpp">
      <Filter>Source Files</Filter>
    </ClCompile>
    <ClCompile Include="MParser.cpp">
      <Filter>Source Files</Filter>
    </ClCompile>
    <ClCompile Include="DScene.cpp">
      <Filter>Source Files</Filter>
    </ClCompile>
    <ClCompile Include="SLighting.cpp">
      <Filter>Source Files</Filter>
    </ClCompile>
    <ClCompile Include="SIntergratorWhitted.cpp">
      <Filter>Source Files</Filter>
    </ClCompile>
    <ClCompile Include="CSSphere.cpp">
      <Filter>Source Files</Filter>
    </ClCompile>
    <ClCompile Include="CSCylinder.cpp">
      <Filter>Source Files</Filter>
    </ClCompile>
  </ItemGroup>
</Project>