<?xml version="1.0" encoding="utf-8"?>
<Project ToolsVersion="4.0" xmlns="http://schemas.microsoft.com/developer/msbuild/2003">
  <ItemGroup>
    <Filter Include="Source Files">
      <UniqueIdentifier>{4FC737F1-C7A5-4376-A066-2A32D752A2FF}</UniqueIdentifier>
      <Extensions>cpp;c;cc;cxx;def;odl;idl;hpj;bat;asm;asmx</Extensions>
    </Filter>
    <Filter Include="Header Files">
      <UniqueIdentifier>{93995380-89BD-4b04-88EB-625FBE52EBFB}</UniqueIdentifier>
      <Extensions>h;hh;hpp;hxx;hm;inl;inc;ipp;xsd</Extensions>
    </Filter>
    <Filter Include="Resource Files">
      <UniqueIdentifier>{67DA6AB6-F800-4c08-8B7A-83BB121AAD01}</UniqueIdentifier>
      <Extensions>rc;ico;cur;bmp;dlg;rc2;rct;bin;rgs;gif;jpg;jpeg;jpe;resx;tiff;tif;png;wav;mfcribbon-ms</Extensions>
    </Filter>
  </ItemGroup>
  <ItemGroup>
    <ClInclude Include="pch.h">
      <Filter>Header Files</Filter>
    </ClInclude>
    <ClInclude Include="MEngine.h">
      <Filter>Header Files</Filter>
    </ClInclude>
    <ClInclude Include="DOptions.h">
      <Filter>Header Files</Filter>
    </ClInclude>
    <ClInclude Include="MParser.h">
      <Filter>Header Files</Filter>
    </ClInclude>
    <ClInclude Include="CLight.h">
      <Filter>Header Files</Filter>
    </ClInclude>
    <ClInclude Include="CRay.h">
      <Filter>Header Files</Filter>
    </ClInclude>
    <ClInclude Include="CSufraceInteraction.h">
      <Filter>Header Files</Filter>
    </ClInclude>
    <ClInclude Include="CSampler.h">
      <Filter>Header Files</Filter>
    </ClInclude>
    <ClInclude Include="DRayDifferential.h">
      <Filter>Header Files</Filter>
    </ClInclude>
    <ClInclude Include="CSpectrumSampled.h">
      <Filter>Header Files</Filter>
    </ClInclude>
    <ClInclude Include="CTransform.h">
      <Filter>Header Files</Filter>
    </ClInclude>
    <ClInclude Include="CBounds.h">
      <Filter>Header Files</Filter>
    </ClInclude>
    <ClInclude Include="SShapeSphere.h">
      <Filter>Header Files</Filter>
    </ClInclude>
    <ClInclude Include="CPhaseFunction.h">
      <Filter>Header Files</Filter>
    </ClInclude>
    <ClInclude Include="CSSphere.h">
      <Filter>Header Files</Filter>
    </ClInclude>
    <ClInclude Include="CMaterial.h">
      <Filter>Header Files</Filter>
    </ClInclude>
    <ClInclude Include="CSCylinder.h">
      <Filter>Header Files</Filter>
    </ClInclude>
    <ClInclude Include="CSTriangleMesh.h">
      <Filter>Header Files</Filter>
    </ClInclude>
    <ClInclude Include="CSTriangle.h">
      <Filter>Header Files</Filter>
    </ClInclude>
    <ClInclude Include="SLBVH.h">
      <Filter>Header Files</Filter>
    </ClInclude>
    <ClInclude Include="CCentroid.h">
      <Filter>Header Files</Filter>
    </ClInclude>
    <ClInclude Include="CoefficientSpectrum.h">
      <Filter>Header Files</Filter>
    </ClInclude>
    <ClInclude Include="RGBSpectrum.h">
      <Filter>Header Files</Filter>
    </ClInclude>
    <ClInclude Include="CSCamera.h">
      <Filter>Header Files</Filter>
    </ClInclude>
    <ClInclude Include="CAnimatedTransform.h">
      <Filter>Header Files</Filter>
    </ClInclude>
    <ClInclude Include="CRayDifferential.h">
      <Filter>Header Files</Filter>
    </ClInclude>
    <ClInclude Include="CSCameraProjective.h">
      <Filter>Header Files</Filter>
    </ClInclude>
    <ClInclude Include="CSCameraOrthographic.h">
      <Filter>Header Files</Filter>
    </ClInclude>
    <ClInclude Include="CSCameraPerspective.h">
      <Filter>Header Files</Filter>
    </ClInclude>
    <ClInclude Include="CSCameraEnviroment.h">
      <Filter>Header Files</Filter>
    </ClInclude>
    <ClInclude Include="CSSampler.h">
      <Filter>Header Files</Filter>
    </ClInclude>
    <ClInclude Include="CSpectrum.h">
      <Filter>Header Files</Filter>
    </ClInclude>
    <ClInclude Include="CSSamplerStratified.h">
      <Filter>Header Files</Filter>
    </ClInclude>
    <ClInclude Include="CSFilm.h">
      <Filter>Header Files</Filter>
    </ClInclude>
    <ClInclude Include="CFilterMitchell.h">
      <Filter>Header Files</Filter>
    </ClInclude>
    <ClInclude Include="MicrofaceDistr.h">
      <Filter>Header Files</Filter>
    </ClInclude>
    <ClInclude Include="CBSDF.h">
      <Filter>Header Files</Filter>
    </ClInclude>
    <ClInclude Include="CBXDF.h">
      <Filter>Header Files</Filter>
    </ClInclude>
    <ClInclude Include="CMaterialPlastic.h">
      <Filter>Header Files</Filter>
    </ClInclude>
    <ClInclude Include="CTextureMapping.h">
      <Filter>Header Files</Filter>
    </ClInclude>
    <ClInclude Include="CTexture.h">
      <Filter>Header Files</Filter>
    </ClInclude>
    <ClInclude Include="CDistribution.h">
      <Filter>Header Files</Filter>
    </ClInclude>
    <ClInclude Include="CBSDFConductorMicroface.h">
      <Filter>Header Files</Filter>
    </ClInclude>
    <ClInclude Include="SScattering.h">
      <Filter>Header Files</Filter>
    </ClInclude>
    <ClInclude Include="SIntegratorDirect.h">
      <Filter>Header Files</Filter>
    </ClInclude>
    <ClInclude Include="CFilm.h">
      <Filter>Header Files</Filter>
    </ClInclude>
    <ClInclude Include="CCamera.h">
      <Filter>Header Files</Filter>
    </ClInclude>
    <ClInclude Include="SpectrumData.h">
      <Filter>Header Files</Filter>
    </ClInclude>
    <ClInclude Include="lodepng.h">
      <Filter>Header Files</Filter>
    </ClInclude>
    <ClInclude Include="CBSDFSpecularReflectance.h">
      <Filter>Header Files</Filter>
    </ClInclude>
    <ClInclude Include="CMaterialMetal.h">
      <Filter>Header Files</Filter>
    </ClInclude>
    <ClInclude Include="MeshTools.h">
      <Filter>Header Files</Filter>
    </ClInclude>
    <ClInclude Include="CMaterialPerfectGlass.h">
      <Filter>Header Files</Filter>
    </ClInclude>
    <ClInclude Include="CMaterialGlass.h">
      <Filter>Header Files</Filter>
    </ClInclude>
    <ClInclude Include="assimp\ai_assert.h">
      <Filter>Header Files</Filter>
    </ClInclude>
    <ClInclude Include="assimp\anim.h">
      <Filter>Header Files</Filter>
    </ClInclude>
    <ClInclude Include="assimp\BaseImporter.h">
      <Filter>Header Files</Filter>
    </ClInclude>
    <ClInclude Include="assimp\Bitmap.h">
      <Filter>Header Files</Filter>
    </ClInclude>
    <ClInclude Include="assimp\BlobIOSystem.h">
      <Filter>Header Files</Filter>
    </ClInclude>
    <ClInclude Include="assimp\ByteSwapper.h">
      <Filter>Header Files</Filter>
    </ClInclude>
    <ClInclude Include="assimp\camera.h">
      <Filter>Header Files</Filter>
    </ClInclude>
    <ClInclude Include="assimp\cexport.h">
      <Filter>Header Files</Filter>
    </ClInclude>
    <ClInclude Include="assimp\cfileio.h">
      <Filter>Header Files</Filter>
    </ClInclude>
    <ClInclude Include="assimp\cimport.h">
      <Filter>Header Files</Filter>
    </ClInclude>
    <ClInclude Include="assimp\color4.h">
      <Filter>Header Files</Filter>
    </ClInclude>
    <ClInclude Include="assimp\Compiler\poppack1.h">
      <Filter>Header Files</Filter>
    </ClInclude>
    <ClInclude Include="assimp\Compiler\pstdint.h">
      <Filter>Header Files</Filter>
    </ClInclude>
    <ClInclude Include="assimp\Compiler\pushpack1.h">
      <Filter>Header Files</Filter>
    </ClInclude>
    <ClInclude Include="assimp\config.h">
      <Filter>Header Files</Filter>
    </ClInclude>
    <ClInclude Include="assimp\CreateAnimMesh.h">
      <Filter>Header Files</Filter>
    </ClInclude>
    <ClInclude Include="assimp\DefaultIOStream.h">
      <Filter>Header Files</Filter>
    </ClInclude>
    <ClInclude Include="assimp\DefaultIOSystem.h">
      <Filter>Header Files</Filter>
    </ClInclude>
    <ClInclude Include="assimp\DefaultLogger.hpp">
      <Filter>Header Files</Filter>
    </ClInclude>
    <ClInclude Include="assimp\Defines.h">
      <Filter>Header Files</Filter>
    </ClInclude>
    <ClInclude Include="assimp\defs.h">
      <Filter>Header Files</Filter>
    </ClInclude>
    <ClInclude Include="assimp\Exceptional.h">
      <Filter>Header Files</Filter>
    </ClInclude>
    <ClInclude Include="assimp\Exporter.hpp">
      <Filter>Header Files</Filter>
    </ClInclude>
    <ClInclude Include="assimp\fast_atof.h">
      <Filter>Header Files</Filter>
    </ClInclude>
    <ClInclude Include="assimp\GenericProperty.h">
      <Filter>Header Files</Filter>
    </ClInclude>
    <ClInclude Include="assimp\Hash.h">
      <Filter>Header Files</Filter>
    </ClInclude>
    <ClInclude Include="assimp\Importer.hpp">
      <Filter>Header Files</Filter>
    </ClInclude>
    <ClInclude Include="assimp\importerdesc.h">
      <Filter>Header Files</Filter>
    </ClInclude>
    <ClInclude Include="assimp\IOStream.hpp">
      <Filter>Header Files</Filter>
    </ClInclude>
    <ClInclude Include="assimp\IOStreamBuffer.h">
      <Filter>Header Files</Filter>
    </ClInclude>
    <ClInclude Include="assimp\IOSystem.hpp">
      <Filter>Header Files</Filter>
    </ClInclude>
    <ClInclude Include="assimp\irrXMLWrapper.h">
      <Filter>Header Files</Filter>
    </ClInclude>
    <ClInclude Include="assimp\light.h">
      <Filter>Header Files</Filter>
    </ClInclude>
    <ClInclude Include="assimp\LineSplitter.h">
      <Filter>Header Files</Filter>
    </ClInclude>
    <ClInclude Include="assimp\LogAux.h">
      <Filter>Header Files</Filter>
    </ClInclude>
    <ClInclude Include="assimp\Logger.hpp">
      <Filter>Header Files</Filter>
    </ClInclude>
    <ClInclude Include="assimp\LogStream.hpp">
      <Filter>Header Files</Filter>
    </ClInclude>
    <ClInclude Include="assimp\Macros.h">
      <Filter>Header Files</Filter>
    </ClInclude>
    <ClInclude Include="assimp\material.h">
      <Filter>Header Files</Filter>
    </ClInclude>
    <ClInclude Include="assimp\MathFunctions.h">
      <Filter>Header Files</Filter>
    </ClInclude>
    <ClInclude Include="assimp\matrix3x3.h">
      <Filter>Header Files</Filter>
    </ClInclude>
    <ClInclude Include="assimp\matrix4x4.h">
      <Filter>Header Files</Filter>
    </ClInclude>
    <ClInclude Include="assimp\MemoryIOWrapper.h">
      <Filter>Header Files</Filter>
    </ClInclude>
    <ClInclude Include="assimp\mesh.h">
      <Filter>Header Files</Filter>
    </ClInclude>
    <ClInclude Include="assimp\metadata.h">
      <Filter>Header Files</Filter>
    </ClInclude>
    <ClInclude Include="assimp\NullLogger.hpp">
      <Filter>Header Files</Filter>
    </ClInclude>
    <ClInclude Include="assimp\ParsingUtils.h">
      <Filter>Header Files</Filter>
    </ClInclude>
    <ClInclude Include="assimp\pbrmaterial.h">
      <Filter>Header Files</Filter>
    </ClInclude>
    <ClInclude Include="assimp\port\AndroidJNI\AndroidJNIIOSystem.h">
      <Filter>Header Files</Filter>
    </ClInclude>
    <ClInclude Include="assimp\postprocess.h">
      <Filter>Header Files</Filter>
    </ClInclude>
    <ClInclude Include="assimp\Profiler.h">
      <Filter>Header Files</Filter>
    </ClInclude>
    <ClInclude Include="assimp\ProgressHandler.hpp">
      <Filter>Header Files</Filter>
    </ClInclude>
    <ClInclude Include="assimp\qnan.h">
      <Filter>Header Files</Filter>
    </ClInclude>
    <ClInclude Include="assimp\quaternion.h">
      <Filter>Header Files</Filter>
    </ClInclude>
    <ClInclude Include="assimp\RemoveComments.h">
      <Filter>Header Files</Filter>
    </ClInclude>
    <ClInclude Include="assimp\scene.h">
      <Filter>Header Files</Filter>
    </ClInclude>
    <ClInclude Include="assimp\SceneCombiner.h">
      <Filter>Header Files</Filter>
    </ClInclude>
    <ClInclude Include="assimp\SGSpatialSort.h">
      <Filter>Header Files</Filter>
    </ClInclude>
    <ClInclude Include="assimp\SkeletonMeshBuilder.h">
      <Filter>Header Files</Filter>
    </ClInclude>
    <ClInclude Include="assimp\SmoothingGroups.h">
      <Filter>Header Files</Filter>
    </ClInclude>
    <ClInclude Include="assimp\SpatialSort.h">
      <Filter>Header Files</Filter>
    </ClInclude>
    <ClInclude Include="assimp\StandardShapes.h">
      <Filter>Header Files</Filter>
    </ClInclude>
    <ClInclude Include="assimp\StreamReader.h">
      <Filter>Header Files</Filter>
    </ClInclude>
    <ClInclude Include="assimp\StreamWriter.h">
      <Filter>Header Files</Filter>
    </ClInclude>
    <ClInclude Include="assimp\StringComparison.h">
      <Filter>Header Files</Filter>
    </ClInclude>
    <ClInclude Include="assimp\StringUtils.h">
      <Filter>Header Files</Filter>
    </ClInclude>
    <ClInclude Include="assimp\Subdivision.h">
      <Filter>Header Files</Filter>
    </ClInclude>
    <ClInclude Include="assimp\texture.h">
      <Filter>Header Files</Filter>
    </ClInclude>
    <ClInclude Include="assimp\TinyFormatter.h">
      <Filter>Header Files</Filter>
    </ClInclude>
    <ClInclude Include="assimp\types.h">
      <Filter>Header Files</Filter>
    </ClInclude>
    <ClInclude Include="assimp\vector2.h">
      <Filter>Header Files</Filter>
    </ClInclude>
    <ClInclude Include="assimp\vector3.h">
      <Filter>Header Files</Filter>
    </ClInclude>
    <ClInclude Include="assimp\version.h">
      <Filter>Header Files</Filter>
    </ClInclude>
    <ClInclude Include="assimp\Vertex.h">
      <Filter>Header Files</Filter>
    </ClInclude>
    <ClInclude Include="assimp\XMLTools.h">
      <Filter>Header Files</Filter>
    </ClInclude>
    <ClInclude Include="Settings.h">
      <Filter>Header Files</Filter>
    </ClInclude>
    <ClInclude Include="CLightInfiniteArea.h">
      <Filter>Header Files</Filter>
    </ClInclude>
    <ClInclude Include="CBSDFDielectricMicroface.h">
      <Filter>Header Files</Filter>
    </ClInclude>
    <ClInclude Include="CMaterialDielectric.h">
      <Filter>Header Files</Filter>
    </ClInclude>
  </ItemGroup>
  <ItemGroup>
    <ClCompile Include="pch.cpp">
      <Filter>Source Files</Filter>
    </ClCompile>
    <ClCompile Include="main.cpp">
      <Filter>Source Files</Filter>
    </ClCompile>
    <ClCompile Include="DOptions.cpp">
      <Filter>Source Files</Filter>
    </ClCompile>
    <ClCompile Include="MEngine.cpp">
      <Filter>Source Files</Filter>
    </ClCompile>
    <ClCompile Include="MParser.cpp">
      <Filter>Source Files</Filter>
    </ClCompile>
    <ClCompile Include="CSSphere.cpp">
      <Filter>Source Files</Filter>
    </ClCompile>
    <ClCompile Include="CSCylinder.cpp">
      <Filter>Source Files</Filter>
    </ClCompile>
    <ClCompile Include="CSTriangleMesh.cpp">
      <Filter>Source Files</Filter>
    </ClCompile>
    <ClCompile Include="CSTriangle.cpp">
      <Filter>Source Files</Filter>
    </ClCompile>
    <ClCompile Include="lodepng.cpp">
      <Filter>Header Files</Filter>
    </ClCompile>
    <ClCompile Include="CAnimatedTransform.cpp">
      <Filter>Source Files</Filter>
    </ClCompile>
    <ClCompile Include="CBounds.cpp">
      <Filter>Source Files</Filter>
    </ClCompile>
    <ClCompile Include="CBSDF.cpp">
      <Filter>Source Files</Filter>
    </ClCompile>
    <ClCompile Include="CBXDF.cpp">
      <Filter>Source Files</Filter>
    </ClCompile>
    <ClCompile Include="CCamera.cpp">
      <Filter>Source Files</Filter>
    </ClCompile>
    <ClCompile Include="CCentroid.cpp">
      <Filter>Source Files</Filter>
    </ClCompile>
    <ClCompile Include="CFilm.cpp">
      <Filter>Source Files</Filter>
    </ClCompile>
    <ClCompile Include="CLight.cpp">
      <Filter>Source Files</Filter>
    </ClCompile>
    <ClCompile Include="CMaterial.cpp">
      <Filter>Source Files</Filter>
    </ClCompile>
    <ClCompile Include="CRay.cpp">
      <Filter>Source Files</Filter>
    </ClCompile>
    <ClCompile Include="CRayDifferential.cpp">
      <Filter>Source Files</Filter>
    </ClCompile>
    <ClCompile Include="CSampler.cpp">
      <Filter>Source Files</Filter>
    </ClCompile>
    <ClCompile Include="CSCameraPerspective.cpp">
      <Filter>Source Files</Filter>
    </ClCompile>
    <ClCompile Include="CSCameraProjective.cpp">
      <Filter>Source Files</Filter>
    </ClCompile>
    <ClCompile Include="CSpectrum.cpp">
      <Filter>Source Files</Filter>
    </ClCompile>
    <ClCompile Include="CSSamplerStratified.cpp">
      <Filter>Source Files</Filter>
    </ClCompile>
    <ClCompile Include="CSufraceInteraction.cpp">
      <Filter>Source Files</Filter>
    </ClCompile>
    <ClCompile Include="CTexture.cpp">
      <Filter>Source Files</Filter>
    </ClCompile>
    <ClCompile Include="CTextureMapping.cpp">
      <Filter>Source Files</Filter>
    </ClCompile>
    <ClCompile Include="CTransform.cpp">
      <Filter>Source Files</Filter>
    </ClCompile>
    <ClCompile Include="MicrofaceDistr.cpp">
      <Filter>Source Files</Filter>
    </ClCompile>
    <ClCompile Include="SLBVH.cpp">
      <Filter>Source Files</Filter>
    </ClCompile>
    <ClCompile Include="SScattering.cpp">
      <Filter>Source Files</Filter>
    </ClCompile>
    <ClCompile Include="CSpectrumSampled.cpp">
      <Filter>Source Files</Filter>
    </ClCompile>
    <ClCompile Include="CoefficientSpectrum.cpp">
      <Filter>Source Files</Filter>
    </ClCompile>
    <ClCompile Include="CBSDFConductorMicroface.cpp">
      <Filter>Source Files</Filter>
    </ClCompile>
    <ClCompile Include="CSFilm.cpp">
      <Filter>Source Files</Filter>
    </ClCompile>
    <ClCompile Include="CSSampler.cpp">
      <Filter>Source Files</Filter>
    </ClCompile>
    <ClCompile Include="CBSDFSpecularReflectance.cpp">
      <Filter>Source Files</Filter>
    </ClCompile>
    <ClCompile Include="CMaterialMetal.cpp">
      <Filter>Source Files</Filter>
    </ClCompile>
    <ClCompile Include="CMaterialPerfectGlass.cpp">
      <Filter>Source Files</Filter>
    </ClCompile>
    <ClCompile Include="CMaterialGlass.cpp">
      <Filter>Source Files</Filter>
    </ClCompile>
    <ClCompile Include="CBSDFDielectricMicroface.cpp">
      <Filter>Source Files</Filter>
    </ClCompile>
    <ClCompile Include="CMaterialDieletric.cpp">
      <Filter>Source Files</Filter>
    </ClCompile>
    <ClCompile Include="CLightInfiniteArea.cpp">
      <Filter>Source Files</Filter>
    </ClCompile>
  </ItemGroup>
  <ItemGroup>
    <None Include="assimp\color4.inl">
      <Filter>Header Files</Filter>
    </None>
    <None Include="assimp\material.inl">
      <Filter>Header Files</Filter>
    </None>
    <None Include="assimp\matrix3x3.inl">
      <Filter>Header Files</Filter>
    </None>
    <None Include="assimp\matrix4x4.inl">
      <Filter>Header Files</Filter>
    </None>
    <None Include="assimp\quaternion.inl">
      <Filter>Header Files</Filter>
    </None>
    <None Include="assimp\SmoothingGroups.inl">
      <Filter>Header Files</Filter>
    </None>
    <None Include="assimp\vector2.inl">
      <Filter>Header Files</Filter>
    </None>
    <None Include="assimp\vector3.inl">
      <Filter>Header Files</Filter>
    </None>
    <None Include="ClassDiagram.cd" />
  </ItemGroup>
</Project>